
Microsoft Visual Studio Solution File, Format Version 12.00
# Visual Studio Version 17
VisualStudioVersion = 17.9.34622.214
MinimumVisualStudioVersion = 10.0.40219.1
Project("{FAE04EC0-301F-11D3-BF4B-00C04F79EFBC}") = "MachineLearningTF", "MachineLearningTF\MachineLearningTF.csproj", "{0F73EA0E-1144-4D81-A9FA-FCC7AEB4FC84}"
EndProject
Global
	GlobalSection(SolutionConfigurationPlatforms) = preSolution
		Debug|Any CPU = Debug|Any CPU
		Release|Any CPU = Release|Any CPU
	EndGlobalSection
	GlobalSection(ProjectConfigurationPlatforms) = postSolution
		{0F73EA0E-1144-4D81-A9FA-FCC7AEB4FC84}.Debug|Any CPU.ActiveCfg = Debug|Any CPU
		{0F73EA0E-1144-4D81-A9FA-FCC7AEB4FC84}.Debug|Any CPU.Build.0 = Debug|Any CPU
		{0F73EA0E-1144-4D81-A9FA-FCC7AEB4FC84}.Release|Any CPU.ActiveCfg = Release|Any CPU
		{0F73EA0E-1144-4D81-A9FA-FCC7AEB4FC84}.Release|Any CPU.Build.0 = Release|Any CPU
	EndGlobalSection
	GlobalSection(SolutionProperties) = preSolution
		HideSolutionNode = FALSE
	EndGlobalSection
	GlobalSection(ExtensibilityGlobals) = postSolution
		SolutionGuid = {C6E9C56D-26FB-49D4-8175-AF5F35628AAF}
	EndGlobalSection
EndGlobal
